{
  "version": 4,
  "terraform_version": "1.13.5",
  "serial": 7,
  "lineage": "6a794266-7595-ce20-e351-7a9f4ec7a989",
  "outputs": {
    "kubernetes_cluster_host": {
      "value": "35.225.164.197",
      "type": "string"
    },
    "kubernetes_cluster_name": {
      "value": "solar-semiotics-478000-j9-gke",
      "type": "string"
    },
    "project_id": {
      "value": "solar-semiotics-478000-j9",
      "type": "string"
    },
    "region": {
      "value": "us-central1",
      "type": "string"
    }
  },
  "resources": [
    {
      "mode": "data",
      "type": "google_container_engine_versions",
      "name": "gke_version",
      "provider": "provider[\"registry.terraform.io/hashicorp/google\"]",
      "instances": [
        {
          "schema_version": 0,
          "attributes": {
            "default_cluster_version": "1.33.5-gke.1308000",
            "id": "2025-12-10 03:02:34.139393231 +0000 UTC",
            "latest_master_version": null,
            "latest_node_version": "1.27.16-gke.2894000",
            "location": "us-central1",
            "project": null,
            "release_channel_default_version": {
              "EXTENDED": "1.33.5-gke.1308000",
              "RAPID": "1.34.1-gke.3355001",
              "REGULAR": "1.33.5-gke.1308000",
              "STABLE": "1.33.5-gke.1162000"
            },
            "release_channel_latest_version": {},
            "valid_master_versions": [],
            "valid_node_versions": [
              "1.27.16-gke.2894000",
              "1.27.16-gke.2874000",
              "1.27.16-gke.2853000",
              "1.27.16-gke.2820000",
              "1.27.16-gke.2810000",
              "1.27.16-gke.2771000",
              "1.27.16-gke.2732000",
              "1.27.16-gke.2703000",
              "1.27.16-gke.2682000",
              "1.27.16-gke.2664000",
              "1.27.16-gke.2650000",
              "1.27.16-gke.2633000",
              "1.27.16-gke.2595000",
              "1.27.16-gke.2573000",
              "1.27.16-gke.2528000",
              "1.27.16-gke.2489000",
              "1.27.16-gke.2477000",
              "1.27.16-gke.2451000",
              "1.27.16-gke.2440000",
              "1.27.16-gke.2387000",
              "1.27.16-gke.2342000",
              "1.27.16-gke.2296000",
              "1.27.16-gke.2270000",
              "1.27.16-gke.2246000",
              "1.27.16-gke.2142000",
              "1.27.16-gke.2122000",
              "1.27.16-gke.2081000",
              "1.27.16-gke.2051000",
              "1.27.16-gke.2027000",
              "1.27.16-gke.2019000",
              "1.27.16-gke.1836000",
              "1.27.16-gke.1784000",
              "1.27.16-gke.1742000",
              "1.27.16-gke.1712000",
              "1.27.16-gke.1681000",
              "1.27.16-gke.1576000",
              "1.27.16-gke.1478000",
              "1.27.16-gke.1373000",
              "1.27.16-gke.1342000",
              "1.27.16-gke.1296000",
              "1.27.16-gke.1287000",
              "1.27.16-gke.1258000",
              "1.27.16-gke.1234001",
              "1.27.16-gke.1234000",
              "1.27.16-gke.1148001",
              "1.27.16-gke.1148000",
              "1.27.16-gke.1082000",
              "1.27.16-gke.1051001",
              "1.27.16-gke.1051000",
              "1.27.16-gke.1008000",
              "1.27.15-gke.1252000",
              "1.27.15-gke.1154000",
              "1.27.15-gke.1125000",
              "1.27.15-gke.1012003",
              "1.27.15-gke.1012000",
              "1.27.14-gke.1100002",
              "1.27.14-gke.1100000",
              "1.27.14-gke.1093000",
              "1.27.14-gke.1059002",
              "1.27.14-gke.1059001",
              "1.27.14-gke.1059000",
              "1.27.14-gke.1042001",
              "1.27.14-gke.1042000",
              "1.27.14-gke.1022001",
              "1.27.14-gke.1022000",
              "1.27.14-gke.1011000",
              "1.27.13-gke.1201002",
              "1.27.13-gke.1201000",
              "1.27.13-gke.1166001",
              "1.27.13-gke.1166000",
              "1.27.13-gke.1070002",
              "1.27.13-gke.1070000",
              "1.27.13-gke.1000000",
              "1.27.12-gke.1190000",
              "1.27.12-gke.1115000",
              "1.27.11-gke.1202000",
              "1.27.11-gke.1118000",
              "1.27.11-gke.1062004",
              "1.27.11-gke.1062003",
              "1.27.11-gke.1062001",
              "1.27.11-gke.1062000",
              "1.27.11-gke.1018000",
              "1.27.10-gke.1207000",
              "1.27.10-gke.1152000",
              "1.27.10-gke.1055000",
              "1.27.9-gke.1092000",
              "1.27.8-gke.1067004",
              "1.27.8-gke.1067000",
              "1.27.7-gke.1293000",
              "1.27.7-gke.1121002",
              "1.27.7-gke.1121000",
              "1.27.7-gke.1088000",
              "1.27.7-gke.1056000",
              "1.27.7-gke.1038000",
              "1.27.6-gke.1506000",
              "1.27.6-gke.1445000",
              "1.27.6-gke.1248000",
              "1.27.5-gke.200",
              "1.27.4-gke.900",
              "1.27.3-gke.1700",
              "1.27.3-gke.100",
              "1.27.2-gke.2100",
              "1.27.2-gke.1200"
            ],
            "version_prefix": "1.27."
          },
          "sensitive_attributes": [],
          "identity_schema_version": 0
        }
      ]
    },
    {
      "mode": "managed",
      "type": "google_compute_network",
      "name": "vpc",
      "provider": "provider[\"registry.terraform.io/hashicorp/google\"]",
      "instances": [
        {
          "schema_version": 0,
          "attributes": {
            "auto_create_subnetworks": false,
            "delete_default_routes_on_create": false,
            "description": "",
            "enable_ula_internal_ipv6": false,
            "gateway_ipv4": "",
            "id": "projects/solar-semiotics-478000-j9/global/networks/solar-semiotics-478000-j9-vpc",
            "internal_ipv6_range": "",
            "mtu": 0,
            "name": "solar-semiotics-478000-j9-vpc",
            "network_firewall_policy_enforcement_order": "AFTER_CLASSIC_FIREWALL",
            "project": "solar-semiotics-478000-j9",
            "routing_mode": "REGIONAL",
            "self_link": "https://www.googleapis.com/compute/v1/projects/solar-semiotics-478000-j9/global/networks/solar-semiotics-478000-j9-vpc",
            "timeouts": null
          },
          "sensitive_attributes": [],
          "identity_schema_version": 0,
          "private": "eyJlMmJmYjczMC1lY2FhLTExZTYtOGY4OC0zNDM2M2JjN2M0YzAiOnsiY3JlYXRlIjoxMjAwMDAwMDAwMDAwLCJkZWxldGUiOjEyMDAwMDAwMDAwMDAsInVwZGF0ZSI6MTIwMDAwMDAwMDAwMH19"
        }
      ]
    },
    {
      "mode": "managed",
      "type": "google_compute_subnetwork",
      "name": "subnet",
      "provider": "provider[\"registry.terraform.io/hashicorp/google\"]",
      "instances": [
        {
          "schema_version": 0,
          "attributes": {
            "creation_timestamp": "2025-12-09T18:47:53.320-08:00",
            "description": "",
            "external_ipv6_prefix": "",
            "fingerprint": null,
            "gateway_address": "10.10.0.1",
            "id": "projects/solar-semiotics-478000-j9/regions/us-central1/subnetworks/solar-semiotics-478000-j9-subnet",
            "ip_cidr_range": "10.10.0.0/24",
            "ipv6_access_type": "",
            "ipv6_cidr_range": "",
            "log_config": [],
            "name": "solar-semiotics-478000-j9-subnet",
            "network": "https://www.googleapis.com/compute/v1/projects/solar-semiotics-478000-j9/global/networks/solar-semiotics-478000-j9-vpc",
            "private_ip_google_access": true,
            "private_ipv6_google_access": "DISABLE_GOOGLE_ACCESS",
            "project": "solar-semiotics-478000-j9",
            "purpose": "PRIVATE",
            "region": "us-central1",
            "role": "",
            "secondary_ip_range": [],
            "self_link": "https://www.googleapis.com/compute/v1/projects/solar-semiotics-478000-j9/regions/us-central1/subnetworks/solar-semiotics-478000-j9-subnet",
            "stack_type": "IPV4_ONLY",
            "timeouts": null
          },
          "sensitive_attributes": [],
          "identity_schema_version": 0,
          "private": "eyJlMmJmYjczMC1lY2FhLTExZTYtOGY4OC0zNDM2M2JjN2M0YzAiOnsiY3JlYXRlIjoxMjAwMDAwMDAwMDAwLCJkZWxldGUiOjEyMDAwMDAwMDAwMDAsInVwZGF0ZSI6MTIwMDAwMDAwMDAwMH19",
          "dependencies": [
            "google_compute_network.vpc"
          ]
        }
      ]
    },
    {
      "mode": "managed",
      "type": "google_container_cluster",
      "name": "primary",
      "provider": "provider[\"registry.terraform.io/hashicorp/google\"]",
      "instances": [
        {
          "schema_version": 1,
          "attributes": {
            "addons_config": [
              {
                "cloudrun_config": [],
                "config_connector_config": [],
                "dns_cache_config": [],
                "gce_persistent_disk_csi_driver_config": [
                  {
                    "enabled": true
                  }
                ],
                "gcp_filestore_csi_driver_config": [],
                "gke_backup_agent_config": [],
                "horizontal_pod_autoscaling": [],
                "http_load_balancing": [],
                "network_policy_config": [
                  {
                    "disabled": true
                  }
                ]
              }
            ],
            "authenticator_groups_config": [],
            "binary_authorization": [
              {
                "enabled": false,
                "evaluation_mode": ""
              }
            ],
            "cluster_autoscaling": [
              {
                "auto_provisioning_defaults": [],
                "enabled": false,
                "resource_limits": []
              }
            ],
            "cluster_ipv4_cidr": "10.0.0.0/14",
            "confidential_nodes": [],
            "cost_management_config": [],
            "database_encryption": [
              {
                "key_name": "",
                "state": "DECRYPTED"
              }
            ],
            "datapath_provider": "",
            "default_max_pods_per_node": null,
            "default_snat_status": [
              {
                "disabled": false
              }
            ],
            "description": "",
            "dns_config": [],
            "enable_autopilot": false,
            "enable_binary_authorization": false,
            "enable_intranode_visibility": false,
            "enable_kubernetes_alpha": false,
            "enable_l4_ilb_subsetting": false,
            "enable_legacy_abac": false,
            "enable_shielded_nodes": true,
            "enable_tpu": false,
            "endpoint": "35.225.164.197",
            "gateway_api_config": [],
            "id": "projects/solar-semiotics-478000-j9/locations/us-central1/clusters/solar-semiotics-478000-j9-gke",
            "initial_node_count": 1,
            "ip_allocation_policy": [],
            "label_fingerprint": "a9dc16a7",
            "location": "us-central1",
            "logging_config": [
              {
                "enable_components": [
                  "SYSTEM_COMPONENTS",
                  "WORKLOADS"
                ]
              }
            ],
            "logging_service": "logging.googleapis.com/kubernetes",
            "maintenance_policy": [],
            "master_auth": [
              {
                "client_certificate": "",
                "client_certificate_config": [
                  {
                    "issue_client_certificate": false
                  }
                ],
                "client_key": "",
                "cluster_ca_certificate": "LS0tLS1CRUdJTiBDRVJUSUZJQ0FURS0tLS0tCk1JSUVMVENDQXBXZ0F3SUJBZ0lSQU4vR1M1cU5rMkI1VGZmVXdnZDFqZnd3RFFZSktvWklodmNOQVFFTEJRQXcKTHpFdE1Dc0dBMVVFQXhNa01qRTFOamM0T0RVdE1EZGhZaTAwWmpVeExUazNPV0V0Tm1Ka1lqUXdZMkUzWVRReApNQ0FYRFRJMU1USXhNREF4TkRneE5Gb1lEekl3TlRVeE1qQXpNREkwT0RFMFdqQXZNUzB3S3dZRFZRUURFeVF5Ck1UVTJOemc0TlMwd04yRmlMVFJtTlRFdE9UYzVZUzAyWW1SaU5EQmpZVGRoTkRFd2dnR2lNQTBHQ1NxR1NJYjMKRFFFQkFRVUFBNElCandBd2dnR0tBb0lCZ1FERmgyUFZoVnpRdlIrTW1JRXRtcUJGbkIwT3NFK1JTZkc4OGtFZwpFOFI4SVdkQjJRTjlheE94Qk1rSXc0dngzL2h4Z2paTkJlKy9iVlhub2V4eUxPYm9CWUFMUTlxY2VPT0lnOHVrCmYzbHBRZ0VraDlDZk45TUwrZnIzdWZzcHRMaEdyQ2FldDR2eVByYytrQjNkeDh2amI3SnlNVC9nenhHRzh3dWYKKy81WGRvM1NZbmhJUVdoaDA1SmRJdjRuajNSdmVkT0tzeXRKZXd4QlNwbWoxSDQ4dmVaUWc3RzlKNHlLUG52NApvUVh6UXNtbHBkV3g5Q2J5RUhQaUxNVWcvWE83YmFtenlsdVdNZ1drcHV6UUVRM1oyNjU3WEJNazVsNnpNeUtQCnUyaXV4KzRFdFBZNHhsSVcwUHBPUFlXWEFDajBlT2Y3L2xpQXJZWGZaRUZlZzQ1dnM0QlhsVDl3aHBBbzdVNkcKRkhJK1k1Y0UwWStnblA5UndpZHltR2Uxb1BGeTY5V2ZROGJaRXdnZFI5eW5yN2xRQURlS0NEck5SNWlIY09nWgpHdmhBWUdodnMyd2pLQXBjbENGZmp2dUgyOEFvMXNYNWloQ0dkTGNKOVVrcy9NWWRpOHBwWmMxdk9JT2NzdWlaCmFrcVQ0cUFETWlER3B1L0tObFNLS1pOTWE3a0NBd0VBQWFOQ01FQXdEZ1lEVlIwUEFRSC9CQVFEQWdJRU1BOEcKQTFVZEV3RUIvd1FGTUFNQkFmOHdIUVlEVlIwT0JCWUVGUEJjbHlmV1g5VHc1clZjVDYzam1TRXpoWW9wTUEwRwpDU3FHU0liM0RRRUJDd1VBQTRJQmdRREZZWDJzRjVXclE4STJUS3EvaEc4azQzcmhmQndoNnFBWnM0aFlYTVJXCmRObDMwd3prb014aGdPUHJsT05NNGtQcHJ5Nk93SE00WlBiUXR5U2JVVWllSkl6TGpQaWZzMStGUW56WVk4ZTQKWG1vWU5GVVRHY1psMXVUYTRiM21VdEx2TVRHMVloVXBvSTBJUDlaV1pzdkxXNVNtbmpjeGRMYXExZ2U1dU9ycwpmZDhocXdKRmN6TER5SHRzQXB5S2FkQmorelljdGIzcXBnUElFVm1uRlRBMlYveEhtTFNEWWlrNTh4bU9laHJGCnhJVEI4UVJTYTRhR0I4NFY3bTFnaWVrbkZqM3lrNGZYa0p0RStyV1lKcGZsdjdRQnFrOVJxRTFNZ1A2T2ZTa3YKNGdxTDZsWWhPTTByMUkraUJHQU5PcWYrc2R4bm5sUGFWV1Mvdm5jZGErc3dMZFp6SzlzaHBaTlJWL01uSFdNMwpiWmo2S3YzRmx0a3plQmVySHJhQXhWYXNrZ0l1bXc3VzNjbVh4Wm5hcHVlSFhDRm5YZU9KR3QvTXJMYzZpdXdsCnFPRFlGTGFva09XTjdIbUhtRERGbGxxbzFsTXY1OTRNVkl5OFp0OGFCWXVXYWFPdkI0YTlwVGhXeWE2KzAvWlYKTm16RTZISjhlcjEycVBSU2hTODEyQjA9Ci0tLS0tRU5EIENFUlRJRklDQVRFLS0tLS0K"
              }
            ],
            "master_authorized_networks_config": [],
            "master_version": "1.33.5-gke.1308000",
            "mesh_certificates": [],
            "min_master_version": null,
            "monitoring_config": [
              {
                "enable_components": [
                  "SYSTEM_COMPONENTS",
                  "JOBSET",
                  "STORAGE",
                  "HPA",
                  "POD",
                  "DAEMONSET",
                  "DEPLOYMENT",
                  "STATEFULSET",
                  "CADVISOR",
                  "KUBELET",
                  "DCGM"
                ],
                "managed_prometheus": [
                  {
                    "enabled": true
                  }
                ]
              }
            ],
            "monitoring_service": "monitoring.googleapis.com/kubernetes",
            "name": "solar-semiotics-478000-j9-gke",
            "network": "projects/solar-semiotics-478000-j9/global/networks/solar-semiotics-478000-j9-vpc",
            "network_policy": [
              {
                "enabled": false,
                "provider": "PROVIDER_UNSPECIFIED"
              }
            ],
            "networking_mode": "ROUTES",
            "node_config": [],
            "node_locations": [
              "us-central1-b",
              "us-central1-c",
              "us-central1-f"
            ],
            "node_pool": [],
            "node_pool_defaults": [
              {
                "node_config_defaults": [
                  {
                    "logging_variant": "DEFAULT"
                  }
                ]
              }
            ],
            "node_version": "1.33.5-gke.1308000",
            "notification_config": [
              {
                "pubsub": [
                  {
                    "enabled": false,
                    "filter": [],
                    "topic": ""
                  }
                ]
              }
            ],
            "operation": null,
            "private_cluster_config": [
              {
                "enable_private_endpoint": false,
                "enable_private_nodes": false,
                "master_global_access_config": [
                  {
                    "enabled": false
                  }
                ],
                "master_ipv4_cidr_block": "",
                "peering_name": "",
                "private_endpoint": "10.10.0.2",
                "private_endpoint_subnetwork": "",
                "public_endpoint": "35.225.164.197"
              }
            ],
            "private_ipv6_google_access": "",
            "project": "solar-semiotics-478000-j9",
            "release_channel": [
              {
                "channel": "REGULAR"
              }
            ],
            "remove_default_node_pool": true,
            "resource_labels": {},
            "resource_usage_export_config": [],
            "security_posture_config": [
              {
                "mode": "BASIC",
                "vulnerability_mode": "VULNERABILITY_MODE_UNSPECIFIED"
              }
            ],
            "self_link": "https://container.googleapis.com/v1/projects/solar-semiotics-478000-j9/locations/us-central1/clusters/solar-semiotics-478000-j9-gke",
            "service_external_ips_config": [
              {
                "enabled": false
              }
            ],
            "services_ipv4_cidr": "10.3.240.0/20",
            "subnetwork": "projects/solar-semiotics-478000-j9/regions/us-central1/subnetworks/solar-semiotics-478000-j9-subnet",
            "timeouts": null,
            "tpu_ipv4_cidr_block": "",
            "vertical_pod_autoscaling": [],
            "workload_identity_config": []
          },
          "sensitive_attributes": [
            [
              {
                "type": "get_attr",
                "value": "master_auth"
              },
              {
                "type": "index",
                "value": {
                  "value": 0,
                  "type": "number"
                }
              },
              {
                "type": "get_attr",
                "value": "client_key"
              }
            ]
          ],
          "identity_schema_version": 0,
          "private": "eyJlMmJmYjczMC1lY2FhLTExZTYtOGY4OC0zNDM2M2JjN2M0YzAiOnsiY3JlYXRlIjoyNDAwMDAwMDAwMDAwLCJkZWxldGUiOjI0MDAwMDAwMDAwMDAsInJlYWQiOjI0MDAwMDAwMDAwMDAsInVwZGF0ZSI6MzYwMDAwMDAwMDAwMH0sInNjaGVtYV92ZXJzaW9uIjoiMSJ9",
          "dependencies": [
            "google_compute_network.vpc",
            "google_compute_subnetwork.subnet"
          ]
        }
      ]
    },
    {
      "mode": "managed",
      "type": "google_container_node_pool",
      "name": "primary_nodes",
      "provider": "provider[\"registry.terraform.io/hashicorp/google\"]",
      "instances": [
        {
          "schema_version": 1,
          "attributes": {
            "autoscaling": [],
            "cluster": "solar-semiotics-478000-j9-gke",
            "id": "projects/solar-semiotics-478000-j9/locations/us-central1/clusters/solar-semiotics-478000-j9-gke/nodePools/solar-semiotics-478000-j9-gke",
            "initial_node_count": 2,
            "instance_group_urls": [
              "https://www.googleapis.com/compute/v1/projects/solar-semiotics-478000-j9/zones/us-central1-f/instanceGroupManagers/gke-solar-semiotics--solar-semiotics--fe43bfa6-grp",
              "https://www.googleapis.com/compute/v1/projects/solar-semiotics-478000-j9/zones/us-central1-b/instanceGroupManagers/gke-solar-semiotics--solar-semiotics--d0fbe7ab-grp",
              "https://www.googleapis.com/compute/v1/projects/solar-semiotics-478000-j9/zones/us-central1-c/instanceGroupManagers/gke-solar-semiotics--solar-semiotics--2fb02101-grp"
            ],
            "location": "us-central1",
            "managed_instance_group_urls": [
              "https://www.googleapis.com/compute/v1/projects/solar-semiotics-478000-j9/zones/us-central1-f/instanceGroups/gke-solar-semiotics--solar-semiotics--fe43bfa6-grp",
              "https://www.googleapis.com/compute/v1/projects/solar-semiotics-478000-j9/zones/us-central1-b/instanceGroups/gke-solar-semiotics--solar-semiotics--d0fbe7ab-grp",
              "https://www.googleapis.com/compute/v1/projects/solar-semiotics-478000-j9/zones/us-central1-c/instanceGroups/gke-solar-semiotics--solar-semiotics--2fb02101-grp"
            ],
            "management": [
              {
                "auto_repair": true,
                "auto_upgrade": true
              }
            ],
            "max_pods_per_node": null,
            "name": "solar-semiotics-478000-j9-gke",
            "name_prefix": "",
            "network_config": [],
            "node_config": [
              {
                "advanced_machine_features": [],
                "boot_disk_kms_key": "",
                "disk_size_gb": 50,
                "disk_type": "pd-standard",
                "ephemeral_storage_local_ssd_config": [],
                "gcfs_config": [],
                "guest_accelerator": [],
                "gvnic": [],
                "image_type": "COS_CONTAINERD",
                "kubelet_config": [
                  {
                    "cpu_cfs_quota": false,
                    "cpu_cfs_quota_period": "",
                    "cpu_manager_policy": "",
                    "pod_pids_limit": 0
                  }
                ],
                "labels": {
                  "env": "solar-semiotics-478000-j9"
                },
                "linux_node_config": [],
                "local_nvme_ssd_block_config": [],
                "local_ssd_count": 0,
                "logging_variant": "DEFAULT",
                "machine_type": "n1-standard-1",
                "metadata": {
                  "disable-legacy-endpoints": "true"
                },
                "min_cpu_platform": "",
                "node_group": "",
                "oauth_scopes": [
                  "https://www.googleapis.com/auth/logging.write",
                  "https://www.googleapis.com/auth/monitoring"
                ],
                "preemptible": false,
                "reservation_affinity": [],
                "resource_labels": {
                  "goog-gke-node-pool-provisioning-model": "on-demand"
                },
                "service_account": "default",
                "shielded_instance_config": [
                  {
                    "enable_integrity_monitoring": true,
                    "enable_secure_boot": false
                  }
                ],
                "sole_tenant_config": [],
                "spot": false,
                "tags": [
                  "gke-node",
                  "solar-semiotics-478000-j9-gke"
                ],
                "taint": [],
                "workload_metadata_config": []
              }
            ],
            "node_count": 2,
            "node_locations": [
              "us-central1-b",
              "us-central1-c",
              "us-central1-f"
            ],
            "operation": null,
            "placement_policy": [],
            "project": "solar-semiotics-478000-j9",
            "timeouts": null,
            "upgrade_settings": [
              {
                "blue_green_settings": [],
                "max_surge": 1,
                "max_unavailable": 0,
                "strategy": "SURGE"
              }
            ],
            "version": "1.33.5-gke.1162000"
          },
          "sensitive_attributes": [],
          "identity_schema_version": 0,
          "private": "eyJlMmJmYjczMC1lY2FhLTExZTYtOGY4OC0zNDM2M2JjN2M0YzAiOnsiY3JlYXRlIjoxODAwMDAwMDAwMDAwLCJkZWxldGUiOjE4MDAwMDAwMDAwMDAsInVwZGF0ZSI6MTgwMDAwMDAwMDAwMH0sInNjaGVtYV92ZXJzaW9uIjoiMSJ9",
          "dependencies": [
            "data.google_container_engine_versions.gke_version",
            "google_compute_network.vpc",
            "google_compute_subnetwork.subnet",
            "google_container_cluster.primary"
          ]
        }
      ]
    }
  ],
  "check_results": null
}
